
Microsoft Visual Studio Solution File, Format Version 11.00
# Visual Studio 2010
Project("{FAE04EC0-301F-11D3-BF4B-00C04F79EFBC}") = "Hello1", "Hello1\Hello1.csproj", "{B128A2B9-B684-475A-B87D-865F737FFE33}"
EndProject
Global
	GlobalSection(SolutionConfigurationPlatforms) = preSolution
		Debug|x86 = Debug|x86
		Release|x86 = Release|x86
	EndGlobalSection
	GlobalSection(ProjectConfigurationPlatforms) = postSolution
		{B128A2B9-B684-475A-B87D-865F737FFE33}.Debug|x86.ActiveCfg = Debug|x86
		{B128A2B9-B684-475A-B87D-865F737FFE33}.Debug|x86.Build.0 = Debug|x86
		{B128A2B9-B684-475A-B87D-865F737FFE33}.Release|x86.ActiveCfg = Release|x86
		{B128A2B9-B684-475A-B87D-865F737FFE33}.Release|x86.Build.0 = Release|x86
	EndGlobalSection
	GlobalSection(MonoDevelopProperties) = preSolution
		StartupItem = Hello1\Hello1.csproj
	EndGlobalSection
EndGlobal
